
Microsoft Visual Studio Solution File, Format Version 12.00
# Visual Studio 15
VisualStudioVersion = 15.0.27703.2035
MinimumVisualStudioVersion = 10.0.40219.1
Project("{8BC9CEB8-8B4A-11D0-8D11-00A0C91BC942}") = "Enigma_Cipher", "Enigma_Cipher\Enigma_Cipher.vcxproj", "{C72671EF-7757-4996-8F48-919014B35058}"
EndProject
Global
	GlobalSection(SolutionConfigurationPlatforms) = preSolution
		Debug|x64 = Debug|x64
		Debug|x86 = Debug|x86
		Release|x64 = Release|x64
		Release|x86 = Release|x86
	EndGlobalSection
	GlobalSection(ProjectConfigurationPlatforms) = postSolution
		{C72671EF-7757-4996-8F48-919014B35058}.Debug|x64.ActiveCfg = Debug|x64
		{C72671EF-7757-4996-8F48-919014B35058}.Debug|x64.Build.0 = Debug|x64
		{C72671EF-7757-4996-8F48-919014B35058}.Debug|x86.ActiveCfg = Debug|Win32
		{C72671EF-7757-4996-8F48-919014B35058}.Debug|x86.Build.0 = Debug|Win32
		{C72671EF-7757-4996-8F48-919014B35058}.Release|x64.ActiveCfg = Release|x64
		{C72671EF-7757-4996-8F48-919014B35058}.Release|x64.Build.0 = Release|x64
		{C72671EF-7757-4996-8F48-919014B35058}.Release|x86.ActiveCfg = Release|Win32
		{C72671EF-7757-4996-8F48-919014B35058}.Release|x86.Build.0 = Release|Win32
	EndGlobalSection
	GlobalSection(SolutionProperties) = preSolution
		HideSolutionNode = FALSE
	EndGlobalSection
	GlobalSection(ExtensibilityGlobals) = postSolution
		SolutionGuid = {31DAA027-EEBA-4FD9-9D9C-B9D788D91E9E}
	EndGlobalSection
EndGlobal
